
Microsoft Visual Studio Solution File, Format Version 12.00
# Visual Studio Version 17
VisualStudioVersion = 17.9.34622.214
MinimumVisualStudioVersion = 10.0.40219.1
Project("{FAE04EC0-301F-11D3-BF4B-00C04F79EFBC}") = "e-Project", "e-Project.csproj", "{669B2F7E-F8FB-4DC0-A323-3E5AFAAED086}"
EndProject
Global
	GlobalSection(SolutionConfigurationPlatforms) = preSolution
		Debug|Any CPU = Debug|Any CPU
		Release|Any CPU = Release|Any CPU
	EndGlobalSection
	GlobalSection(ProjectConfigurationPlatforms) = postSolution
		{669B2F7E-F8FB-4DC0-A323-3E5AFAAED086}.Debug|Any CPU.ActiveCfg = Debug|Any CPU
		{669B2F7E-F8FB-4DC0-A323-3E5AFAAED086}.Debug|Any CPU.Build.0 = Debug|Any CPU
		{669B2F7E-F8FB-4DC0-A323-3E5AFAAED086}.Release|Any CPU.ActiveCfg = Release|Any CPU
		{669B2F7E-F8FB-4DC0-A323-3E5AFAAED086}.Release|Any CPU.Build.0 = Release|Any CPU
	EndGlobalSection
	GlobalSection(SolutionProperties) = preSolution
		HideSolutionNode = FALSE
	EndGlobalSection
	GlobalSection(ExtensibilityGlobals) = postSolution
		SolutionGuid = {1C544444-FBA0-400D-A26F-FF7CDA726ED3}
	EndGlobalSection
EndGlobal
